
Microsoft Visual Studio Solution File, Format Version 12.00
# Visual Studio Version 17
VisualStudioVersion = 17.14.36511.14 d17.14
MinimumVisualStudioVersion = 10.0.40219.1
Project("{FAE04EC0-301F-11D3-BF4B-00C04F79EFBC}") = "CalculadoraCientificaNova", "CalculadoraCientificaNova.csproj", "{1C5B4D5B-36ED-4D0C-BCF8-7F499B16276D}"
EndProject
Global
	GlobalSection(SolutionConfigurationPlatforms) = preSolution
		Debug|Any CPU = Debug|Any CPU
		Release|Any CPU = Release|Any CPU
	EndGlobalSection
	GlobalSection(ProjectConfigurationPlatforms) = postSolution
		{1C5B4D5B-36ED-4D0C-BCF8-7F499B16276D}.Debug|Any CPU.ActiveCfg = Debug|Any CPU
		{1C5B4D5B-36ED-4D0C-BCF8-7F499B16276D}.Debug|Any CPU.Build.0 = Debug|Any CPU
		{1C5B4D5B-36ED-4D0C-BCF8-7F499B16276D}.Release|Any CPU.ActiveCfg = Release|Any CPU
		{1C5B4D5B-36ED-4D0C-BCF8-7F499B16276D}.Release|Any CPU.Build.0 = Release|Any CPU
	EndGlobalSection
	GlobalSection(SolutionProperties) = preSolution
		HideSolutionNode = FALSE
	EndGlobalSection
	GlobalSection(ExtensibilityGlobals) = postSolution
		SolutionGuid = {E37D9C58-0477-4A2B-A27C-14B3AF474F00}
	EndGlobalSection
EndGlobal
